
Microsoft Visual Studio Solution File, Format Version 12.00
# Visual Studio Version 16
VisualStudioVersion = 16.0.32510.428
MinimumVisualStudioVersion = 10.0.40219.1
Project("{FAE04EC0-301F-11D3-BF4B-00C04F79EFBC}") = "Tuesday21", "Tuesday21\Tuesday21.csproj", "{79E2F284-D69D-462F-A6B8-048B92195381}"
EndProject
Global
	GlobalSection(SolutionConfigurationPlatforms) = preSolution
		Debug|Any CPU = Debug|Any CPU
		Release|Any CPU = Release|Any CPU
	EndGlobalSection
	GlobalSection(ProjectConfigurationPlatforms) = postSolution
		{79E2F284-D69D-462F-A6B8-048B92195381}.Debug|Any CPU.ActiveCfg = Debug|Any CPU
		{79E2F284-D69D-462F-A6B8-048B92195381}.Debug|Any CPU.Build.0 = Debug|Any CPU
		{79E2F284-D69D-462F-A6B8-048B92195381}.Release|Any CPU.ActiveCfg = Release|Any CPU
		{79E2F284-D69D-462F-A6B8-048B92195381}.Release|Any CPU.Build.0 = Release|Any CPU
	EndGlobalSection
	GlobalSection(SolutionProperties) = preSolution
		HideSolutionNode = FALSE
	EndGlobalSection
	GlobalSection(ExtensibilityGlobals) = postSolution
		SolutionGuid = {52CB2540-3388-4651-8A0B-4F4444C8CAC2}
	EndGlobalSection
EndGlobal
